
Microsoft Visual Studio Solution File, Format Version 12.00
# Visual Studio Version 16
VisualStudioVersion = 16.0.33130.400
MinimumVisualStudioVersion = 10.0.40219.1
Project("{8BC9CEB8-8B4A-11D0-8D11-00A0C91BC942}") = "practice_1_14", "practice_1_14\practice_1_14.vcxproj", "{4B4608BB-84AE-4419-8AF8-1F89A539CE63}"
EndProject
Global
	GlobalSection(SolutionConfigurationPlatforms) = preSolution
		Debug|x64 = Debug|x64
		Debug|x86 = Debug|x86
		Release|x64 = Release|x64
		Release|x86 = Release|x86
	EndGlobalSection
	GlobalSection(ProjectConfigurationPlatforms) = postSolution
		{4B4608BB-84AE-4419-8AF8-1F89A539CE63}.Debug|x64.ActiveCfg = Debug|x64
		{4B4608BB-84AE-4419-8AF8-1F89A539CE63}.Debug|x64.Build.0 = Debug|x64
		{4B4608BB-84AE-4419-8AF8-1F89A539CE63}.Debug|x86.ActiveCfg = Debug|Win32
		{4B4608BB-84AE-4419-8AF8-1F89A539CE63}.Debug|x86.Build.0 = Debug|Win32
		{4B4608BB-84AE-4419-8AF8-1F89A539CE63}.Release|x64.ActiveCfg = Release|x64
		{4B4608BB-84AE-4419-8AF8-1F89A539CE63}.Release|x64.Build.0 = Release|x64
		{4B4608BB-84AE-4419-8AF8-1F89A539CE63}.Release|x86.ActiveCfg = Release|Win32
		{4B4608BB-84AE-4419-8AF8-1F89A539CE63}.Release|x86.Build.0 = Release|Win32
	EndGlobalSection
	GlobalSection(SolutionProperties) = preSolution
		HideSolutionNode = FALSE
	EndGlobalSection
	GlobalSection(ExtensibilityGlobals) = postSolution
		SolutionGuid = {E2D29B48-6728-4D7A-9135-9949E29B58AC}
	EndGlobalSection
EndGlobal
